
Microsoft Visual Studio Solution File, Format Version 12.00
# Visual Studio Version 16
VisualStudioVersion = 16.0.29519.181
MinimumVisualStudioVersion = 10.0.40219.1
Project("{FAE04EC0-301F-11D3-BF4B-00C04F79EFBC}") = "MaterialDesignExtensionsBuildUtility", "MaterialDesignExtensionsBuildUtility\MaterialDesignExtensionsBuildUtility.csproj", "{2E40D411-CE99-489E-A1E4-9F28A1399CA1}"
EndProject
Project("{9A19103F-16F7-4668-BE54-9A1E7A4F7556}") = "MaterialDesignExtensionsTests", "MaterialDesignExtensionsTests\MaterialDesignExtensionsTests.csproj", "{1F9BB446-F294-4025-B88F-B173EDE3E58D}"
EndProject
Project("{FAE04EC0-301F-11D3-BF4B-00C04F79EFBC}") = "MaterialDesignExtensions", "MaterialDesignExtensions\MaterialDesignExtensions.csproj", "{F8373965-201B-4C7A-9E1F-B62BC363F7FD}"
EndProject
Project("{FAE04EC0-301F-11D3-BF4B-00C04F79EFBC}") = "MaterialDesignExtensionsDemo", "MaterialDesignExtensionsDemo\MaterialDesignExtensionsDemo.csproj", "{DA7E0420-3A7E-4504-BCB4-4A5FC6051B29}"
EndProject
Global
	GlobalSection(SolutionConfigurationPlatforms) = preSolution
		Debug|Any CPU = Debug|Any CPU
		DebugLongPath|Any CPU = DebugLongPath|Any CPU
		Release|Any CPU = Release|Any CPU
		ReleaseLongPath|Any CPU = ReleaseLongPath|Any CPU
	EndGlobalSection
	GlobalSection(ProjectConfigurationPlatforms) = postSolution
		{2E40D411-CE99-489E-A1E4-9F28A1399CA1}.Debug|Any CPU.ActiveCfg = Debug|Any CPU
		{2E40D411-CE99-489E-A1E4-9F28A1399CA1}.Debug|Any CPU.Build.0 = Debug|Any CPU
		{2E40D411-CE99-489E-A1E4-9F28A1399CA1}.DebugLongPath|Any CPU.ActiveCfg = Debug|Any CPU
		{2E40D411-CE99-489E-A1E4-9F28A1399CA1}.DebugLongPath|Any CPU.Build.0 = Debug|Any CPU
		{2E40D411-CE99-489E-A1E4-9F28A1399CA1}.Release|Any CPU.ActiveCfg = Release|Any CPU
		{2E40D411-CE99-489E-A1E4-9F28A1399CA1}.Release|Any CPU.Build.0 = Release|Any CPU
		{2E40D411-CE99-489E-A1E4-9F28A1399CA1}.ReleaseLongPath|Any CPU.ActiveCfg = Debug|Any CPU
		{2E40D411-CE99-489E-A1E4-9F28A1399CA1}.ReleaseLongPath|Any CPU.Build.0 = Debug|Any CPU
		{1F9BB446-F294-4025-B88F-B173EDE3E58D}.Debug|Any CPU.ActiveCfg = Debug|Any CPU
		{1F9BB446-F294-4025-B88F-B173EDE3E58D}.Debug|Any CPU.Build.0 = Debug|Any CPU
		{1F9BB446-F294-4025-B88F-B173EDE3E58D}.DebugLongPath|Any CPU.ActiveCfg = Debug|Any CPU
		{1F9BB446-F294-4025-B88F-B173EDE3E58D}.DebugLongPath|Any CPU.Build.0 = Debug|Any CPU
		{1F9BB446-F294-4025-B88F-B173EDE3E58D}.Release|Any CPU.ActiveCfg = Release|Any CPU
		{1F9BB446-F294-4025-B88F-B173EDE3E58D}.Release|Any CPU.Build.0 = Release|Any CPU
		{1F9BB446-F294-4025-B88F-B173EDE3E58D}.ReleaseLongPath|Any CPU.ActiveCfg = Release|Any CPU
		{1F9BB446-F294-4025-B88F-B173EDE3E58D}.ReleaseLongPath|Any CPU.Build.0 = Release|Any CPU
		{F8373965-201B-4C7A-9E1F-B62BC363F7FD}.Debug|Any CPU.ActiveCfg = Debug|Any CPU
		{F8373965-201B-4C7A-9E1F-B62BC363F7FD}.Debug|Any CPU.Build.0 = Debug|Any CPU
		{F8373965-201B-4C7A-9E1F-B62BC363F7FD}.DebugLongPath|Any CPU.ActiveCfg = Debug|Any CPU
		{F8373965-201B-4C7A-9E1F-B62BC363F7FD}.DebugLongPath|Any CPU.Build.0 = Debug|Any CPU
		{F8373965-201B-4C7A-9E1F-B62BC363F7FD}.Release|Any CPU.ActiveCfg = Release|Any CPU
		{F8373965-201B-4C7A-9E1F-B62BC363F7FD}.Release|Any CPU.Build.0 = Release|Any CPU
		{F8373965-201B-4C7A-9E1F-B62BC363F7FD}.ReleaseLongPath|Any CPU.ActiveCfg = Release|Any CPU
		{F8373965-201B-4C7A-9E1F-B62BC363F7FD}.ReleaseLongPath|Any CPU.Build.0 = Release|Any CPU
		{DA7E0420-3A7E-4504-BCB4-4A5FC6051B29}.Debug|Any CPU.ActiveCfg = Debug|Any CPU
		{DA7E0420-3A7E-4504-BCB4-4A5FC6051B29}.Debug|Any CPU.Build.0 = Debug|Any CPU
		{DA7E0420-3A7E-4504-BCB4-4A5FC6051B29}.DebugLongPath|Any CPU.ActiveCfg = Debug|Any CPU
		{DA7E0420-3A7E-4504-BCB4-4A5FC6051B29}.DebugLongPath|Any CPU.Build.0 = Debug|Any CPU
		{DA7E0420-3A7E-4504-BCB4-4A5FC6051B29}.Release|Any CPU.ActiveCfg = Release|Any CPU
		{DA7E0420-3A7E-4504-BCB4-4A5FC6051B29}.Release|Any CPU.Build.0 = Release|Any CPU
		{DA7E0420-3A7E-4504-BCB4-4A5FC6051B29}.ReleaseLongPath|Any CPU.ActiveCfg = Release|Any CPU
		{DA7E0420-3A7E-4504-BCB4-4A5FC6051B29}.ReleaseLongPath|Any CPU.Build.0 = Release|Any CPU
	EndGlobalSection
	GlobalSection(SolutionProperties) = preSolution
		HideSolutionNode = FALSE
	EndGlobalSection
	GlobalSection(ExtensibilityGlobals) = postSolution
		SolutionGuid = {B76C1C7B-9437-4FF0-BC15-056CD285D94C}
	EndGlobalSection
EndGlobal
